{
  "name": "playwright-test",
  "version": "1.0.0",
  "lockfileVersion": 1,
  "requires": true,
  "dependencies": {
    "@playwright/test": {
      "version": "1.25.1",
      "resolved": "https://registry.npmjs.org/@playwright/test/-/test-1.25.1.tgz",
      "integrity": "sha512-IJ4X0yOakXtwkhbnNzKkaIgXe6df7u3H3FnuhI9Jqh+CdO0e/lYQlDLYiyI9cnXK8E7UAppAWP+VqAv6VX7HQg==",
      "dev": true,
      "requires": {
        "@types/node": "*",
        "playwright-core": "1.25.1"
      },
      "dependencies": {
        "playwright-core": {
          "version": "1.25.1",
          "resolved": "https://registry.npmjs.org/playwright-core/-/playwright-core-1.25.1.tgz",
          "integrity": "sha512-lSvPCmA2n7LawD2Hw7gSCLScZ+vYRkhU8xH0AapMyzwN+ojoDqhkH/KIEUxwNu2PjPoE/fcE0wLAksdOhJ2O5g==",
          "dev": true
        }
      }
    },
    "@types/node": {
      "version": "18.7.14",
      "resolved": "https://registry.npmjs.org/@types/node/-/node-18.7.14.tgz",
      "integrity": "sha512-6bbDaETVi8oyIARulOE9qF1/Qdi/23z6emrUh0fNJRUmjznqrixD4MpGDdgOFk5Xb0m2H6Xu42JGdvAxaJR/wA==",
      "dev": true
    },
    "playwright": {
      "version": "1.25.1",
      "resolved": "https://registry.npmjs.org/playwright/-/playwright-1.25.1.tgz",
      "integrity": "sha512-kOlW7mllnQ70ALTwAor73q/FhdH9EEXLUqjdzqioYLcSVC4n4NBfDqeCikGuayFZrLECLkU6Hcbziy/szqTXSA==",
      "requires": {
        "playwright-core": "1.25.1"
      },
      "dependencies": {
        "playwright-core": {
          "version": "1.25.1",
          "resolved": "https://registry.npmjs.org/playwright-core/-/playwright-core-1.25.1.tgz",
          "integrity": "sha512-lSvPCmA2n7LawD2Hw7gSCLScZ+vYRkhU8xH0AapMyzwN+ojoDqhkH/KIEUxwNu2PjPoE/fcE0wLAksdOhJ2O5g=="
        }
      }
    }
  }
}
